// !$*UTF8*$!
{
	archiveVersion = 1;
	classes = {
	};
	objectVersion = 56;
	objects = {

/* Begin PBXBuildFile section */
		A5571DE62CCF94D100191210 /* AppDelegate.swift in Sources */ = {isa = PBXBuildFile; fileRef = A5571DE52CCF94D100191210 /* AppDelegate.swift */; };
		A5571DE82CCF94D100191210 /* SceneDelegate.swift in Sources */ = {isa = PBXBuildFile; fileRef = A5571DE72CCF94D100191210 /* SceneDelegate.swift */; };
		A5571DEA2CCF94D100191210 /* Constants.swift in Sources */ = {isa = PBXBuildFile; fileRef = A5571DE92CCF94D100191210 /* Constants.swift */; };
		A5571DEF2CCF94D200191210 /* Assets.xcassets in Resources */ = {isa = PBXBuildFile; fileRef = A5571DEE2CCF94D200191210 /* Assets.xcassets */; };
		A5571DF22CCF94D200191210 /* LaunchScreen.storyboard in Resources */ = {isa = PBXBuildFile; fileRef = A5571DF02CCF94D200191210 /* LaunchScreen.storyboard */; };
		A5571E002CCF97A200191210 /* TabBarViewController.swift in Sources */ = {isa = PBXBuildFile; fileRef = A5571DFF2CCF97A200191210 /* TabBarViewController.swift */; };
		A5571E022CCF97DC00191210 /* TabBarInteractor.swift in Sources */ = {isa = PBXBuildFile; fileRef = A5571E012CCF97DC00191210 /* TabBarInteractor.swift */; };
		A5571E042CCF97F100191210 /* TabBarPresenter.swift in Sources */ = {isa = PBXBuildFile; fileRef = A5571E032CCF97F100191210 /* TabBarPresenter.swift */; };
		A5571E062CCF981D00191210 /* TabBarConfigurator.swift in Sources */ = {isa = PBXBuildFile; fileRef = A5571E052CCF981D00191210 /* TabBarConfigurator.swift */; };
		A5571E082CCF989C00191210 /* TabBarViewInputProtocol.swift in Sources */ = {isa = PBXBuildFile; fileRef = A5571E072CCF989C00191210 /* TabBarViewInputProtocol.swift */; };
		A5571E0A2CCF98C800191210 /* TabBarInteractorInputProtocol.swift in Sources */ = {isa = PBXBuildFile; fileRef = A5571E092CCF98C800191210 /* TabBarInteractorInputProtocol.swift */; };
		A5571E0C2CCF990100191210 /* TabBarOutputProtocol.swift in Sources */ = {isa = PBXBuildFile; fileRef = A5571E0B2CCF990100191210 /* TabBarOutputProtocol.swift */; };
		A5571E222CCFA45500191210 /* NewsConfigurator.swift in Sources */ = {isa = PBXBuildFile; fileRef = A5571E212CCFA45500191210 /* NewsConfigurator.swift */; };
		A5571E272CCFA48400191210 /* NewsPresenter.swift in Sources */ = {isa = PBXBuildFile; fileRef = A5571E262CCFA48400191210 /* NewsPresenter.swift */; };
		A5571E292CCFA49100191210 /* NewsInteractor.swift in Sources */ = {isa = PBXBuildFile; fileRef = A5571E282CCFA49100191210 /* NewsInteractor.swift */; };
		A5571E2B2CCFA4A600191210 /* NewsViewController.swift in Sources */ = {isa = PBXBuildFile; fileRef = A5571E2A2CCFA4A600191210 /* NewsViewController.swift */; };
		A5571E2D2CCFA5C200191210 /* NewsOutputProtocol.swift in Sources */ = {isa = PBXBuildFile; fileRef = A5571E2C2CCFA5C200191210 /* NewsOutputProtocol.swift */; };
		A5571E2F2CCFA64600191210 /* NewsInteractorInputProtocol.swift in Sources */ = {isa = PBXBuildFile; fileRef = A5571E2E2CCFA64600191210 /* NewsInteractorInputProtocol.swift */; };
		A5571E312CCFA70700191210 /* NewsViewInputProtocol.swift in Sources */ = {isa = PBXBuildFile; fileRef = A5571E302CCFA70700191210 /* NewsViewInputProtocol.swift */; };
		A5571E332CCFA7E200191210 /* FavoritesConfigurator.swift in Sources */ = {isa = PBXBuildFile; fileRef = A5571E322CCFA7E200191210 /* FavoritesConfigurator.swift */; };
		A5571E352CCFA8EC00191210 /* FavoritesPresenter.swift in Sources */ = {isa = PBXBuildFile; fileRef = A5571E342CCFA8EC00191210 /* FavoritesPresenter.swift */; };
		A5571E372CCFA90200191210 /* FavoritesInteractor.swift in Sources */ = {isa = PBXBuildFile; fileRef = A5571E362CCFA90200191210 /* FavoritesInteractor.swift */; };
		A5571E392CCFA92100191210 /* FavoritesViewController.swift in Sources */ = {isa = PBXBuildFile; fileRef = A5571E382CCFA92100191210 /* FavoritesViewController.swift */; };
		A5571E3B2CCFAA7800191210 /* FavoritesViewInputProtocol.swift in Sources */ = {isa = PBXBuildFile; fileRef = A5571E3A2CCFAA7800191210 /* FavoritesViewInputProtocol.swift */; };
		A5571E3D2CCFAAA600191210 /* FavoritesInteractorInputProtocol.swift in Sources */ = {isa = PBXBuildFile; fileRef = A5571E3C2CCFAAA600191210 /* FavoritesInteractorInputProtocol.swift */; };
		A5571E3F2CCFAACE00191210 /* FavoritesOutputProtocol.swift in Sources */ = {isa = PBXBuildFile; fileRef = A5571E3E2CCFAACE00191210 /* FavoritesOutputProtocol.swift */; };
		A5571E412CCFCF2000191210 /* News.swift in Sources */ = {isa = PBXBuildFile; fileRef = A5571E402CCFCF2000191210 /* News.swift */; };
		A5571E432CCFD4A100191210 /* NewsApiManager.swift in Sources */ = {isa = PBXBuildFile; fileRef = A5571E422CCFD4A100191210 /* NewsApiManager.swift */; };
		A5571E452CCFDD3C00191210 /* NewsCell.swift in Sources */ = {isa = PBXBuildFile; fileRef = A5571E442CCFDD3C00191210 /* NewsCell.swift */; };
		A5571E472CD00A6400191210 /* ImageLoader.swift in Sources */ = {isa = PBXBuildFile; fileRef = A5571E462CD00A6400191210 /* ImageLoader.swift */; };
		A5571E4C2CD00D8200191210 /* NewsRouter.swift in Sources */ = {isa = PBXBuildFile; fileRef = A5571E4B2CD00D8200191210 /* NewsRouter.swift */; };
		A5571E4E2CD00E6100191210 /* NewsRouterInputProtocol.swift in Sources */ = {isa = PBXBuildFile; fileRef = A5571E4D2CD00E6100191210 /* NewsRouterInputProtocol.swift */; };
/* End PBXBuildFile section */

/* Begin PBXFileReference section */
		A5571DE22CCF94D100191210 /* newsAgg.app */ = {isa = PBXFileReference; explicitFileType = wrapper.application; includeInIndex = 0; path = newsAgg.app; sourceTree = BUILT_PRODUCTS_DIR; };
		A5571DE52CCF94D100191210 /* AppDelegate.swift */ = {isa = PBXFileReference; lastKnownFileType = sourcecode.swift; path = AppDelegate.swift; sourceTree = "<group>"; };
		A5571DE72CCF94D100191210 /* SceneDelegate.swift */ = {isa = PBXFileReference; lastKnownFileType = sourcecode.swift; path = SceneDelegate.swift; sourceTree = "<group>"; };
		A5571DE92CCF94D100191210 /* Constants.swift */ = {isa = PBXFileReference; lastKnownFileType = sourcecode.swift; path = Constants.swift; sourceTree = "<group>"; };
		A5571DEE2CCF94D200191210 /* Assets.xcassets */ = {isa = PBXFileReference; lastKnownFileType = folder.assetcatalog; path = Assets.xcassets; sourceTree = "<group>"; };
		A5571DF12CCF94D200191210 /* Base */ = {isa = PBXFileReference; lastKnownFileType = file.storyboard; name = Base; path = Base.lproj/LaunchScreen.storyboard; sourceTree = "<group>"; };
		A5571DF32CCF94D200191210 /* Info.plist */ = {isa = PBXFileReference; lastKnownFileType = text.plist.xml; path = Info.plist; sourceTree = "<group>"; };
		A5571DFF2CCF97A200191210 /* TabBarViewController.swift */ = {isa = PBXFileReference; lastKnownFileType = sourcecode.swift; path = TabBarViewController.swift; sourceTree = "<group>"; };
		A5571E012CCF97DC00191210 /* TabBarInteractor.swift */ = {isa = PBXFileReference; lastKnownFileType = sourcecode.swift; path = TabBarInteractor.swift; sourceTree = "<group>"; };
		A5571E032CCF97F100191210 /* TabBarPresenter.swift */ = {isa = PBXFileReference; lastKnownFileType = sourcecode.swift; path = TabBarPresenter.swift; sourceTree = "<group>"; };
		A5571E052CCF981D00191210 /* TabBarConfigurator.swift */ = {isa = PBXFileReference; lastKnownFileType = sourcecode.swift; path = TabBarConfigurator.swift; sourceTree = "<group>"; };
		A5571E072CCF989C00191210 /* TabBarViewInputProtocol.swift */ = {isa = PBXFileReference; lastKnownFileType = sourcecode.swift; path = TabBarViewInputProtocol.swift; sourceTree = "<group>"; };
		A5571E092CCF98C800191210 /* TabBarInteractorInputProtocol.swift */ = {isa = PBXFileReference; lastKnownFileType = sourcecode.swift; path = TabBarInteractorInputProtocol.swift; sourceTree = "<group>"; };
		A5571E0B2CCF990100191210 /* TabBarOutputProtocol.swift */ = {isa = PBXFileReference; lastKnownFileType = sourcecode.swift; path = TabBarOutputProtocol.swift; sourceTree = "<group>"; };
		A5571E212CCFA45500191210 /* NewsConfigurator.swift */ = {isa = PBXFileReference; lastKnownFileType = sourcecode.swift; path = NewsConfigurator.swift; sourceTree = "<group>"; };
		A5571E262CCFA48400191210 /* NewsPresenter.swift */ = {isa = PBXFileReference; lastKnownFileType = sourcecode.swift; path = NewsPresenter.swift; sourceTree = "<group>"; };
		A5571E282CCFA49100191210 /* NewsInteractor.swift */ = {isa = PBXFileReference; lastKnownFileType = sourcecode.swift; path = NewsInteractor.swift; sourceTree = "<group>"; };
		A5571E2A2CCFA4A600191210 /* NewsViewController.swift */ = {isa = PBXFileReference; lastKnownFileType = sourcecode.swift; path = NewsViewController.swift; sourceTree = "<group>"; };
		A5571E2C2CCFA5C200191210 /* NewsOutputProtocol.swift */ = {isa = PBXFileReference; lastKnownFileType = sourcecode.swift; path = NewsOutputProtocol.swift; sourceTree = "<group>"; };
		A5571E2E2CCFA64600191210 /* NewsInteractorInputProtocol.swift */ = {isa = PBXFileReference; lastKnownFileType = sourcecode.swift; path = NewsInteractorInputProtocol.swift; sourceTree = "<group>"; };
		A5571E302CCFA70700191210 /* NewsViewInputProtocol.swift */ = {isa = PBXFileReference; lastKnownFileType = sourcecode.swift; path = NewsViewInputProtocol.swift; sourceTree = "<group>"; };
		A5571E322CCFA7E200191210 /* FavoritesConfigurator.swift */ = {isa = PBXFileReference; lastKnownFileType = sourcecode.swift; path = FavoritesConfigurator.swift; sourceTree = "<group>"; };
		A5571E342CCFA8EC00191210 /* FavoritesPresenter.swift */ = {isa = PBXFileReference; lastKnownFileType = sourcecode.swift; path = FavoritesPresenter.swift; sourceTree = "<group>"; };
		A5571E362CCFA90200191210 /* FavoritesInteractor.swift */ = {isa = PBXFileReference; lastKnownFileType = sourcecode.swift; path = FavoritesInteractor.swift; sourceTree = "<group>"; };
		A5571E382CCFA92100191210 /* FavoritesViewController.swift */ = {isa = PBXFileReference; lastKnownFileType = sourcecode.swift; path = FavoritesViewController.swift; sourceTree = "<group>"; };
		A5571E3A2CCFAA7800191210 /* FavoritesViewInputProtocol.swift */ = {isa = PBXFileReference; lastKnownFileType = sourcecode.swift; path = FavoritesViewInputProtocol.swift; sourceTree = "<group>"; };
		A5571E3C2CCFAAA600191210 /* FavoritesInteractorInputProtocol.swift */ = {isa = PBXFileReference; lastKnownFileType = sourcecode.swift; path = FavoritesInteractorInputProtocol.swift; sourceTree = "<group>"; };
		A5571E3E2CCFAACE00191210 /* FavoritesOutputProtocol.swift */ = {isa = PBXFileReference; lastKnownFileType = sourcecode.swift; path = FavoritesOutputProtocol.swift; sourceTree = "<group>"; };
		A5571E402CCFCF2000191210 /* News.swift */ = {isa = PBXFileReference; lastKnownFileType = sourcecode.swift; path = News.swift; sourceTree = "<group>"; };
		A5571E422CCFD4A100191210 /* NewsApiManager.swift */ = {isa = PBXFileReference; lastKnownFileType = sourcecode.swift; path = NewsApiManager.swift; sourceTree = "<group>"; };
		A5571E442CCFDD3C00191210 /* NewsCell.swift */ = {isa = PBXFileReference; lastKnownFileType = sourcecode.swift; path = NewsCell.swift; sourceTree = "<group>"; };
		A5571E462CD00A6400191210 /* ImageLoader.swift */ = {isa = PBXFileReference; lastKnownFileType = sourcecode.swift; path = ImageLoader.swift; sourceTree = "<group>"; };
		A5571E4B2CD00D8200191210 /* NewsRouter.swift */ = {isa = PBXFileReference; lastKnownFileType = sourcecode.swift; path = NewsRouter.swift; sourceTree = "<group>"; };
		A5571E4D2CD00E6100191210 /* NewsRouterInputProtocol.swift */ = {isa = PBXFileReference; lastKnownFileType = sourcecode.swift; path = NewsRouterInputProtocol.swift; sourceTree = "<group>"; };
/* End PBXFileReference section */

/* Begin PBXFrameworksBuildPhase section */
		A5571DDF2CCF94D100191210 /* Frameworks */ = {
			isa = PBXFrameworksBuildPhase;
			buildActionMask = 2147483647;
			files = (
			);
			runOnlyForDeploymentPostprocessing = 0;
		};
/* End PBXFrameworksBuildPhase section */

/* Begin PBXGroup section */
		A5571DD92CCF94D100191210 = {
			isa = PBXGroup;
			children = (
				A5571DE42CCF94D100191210 /* newsAgg */,
				A5571DE32CCF94D100191210 /* Products */,
			);
			sourceTree = "<group>";
		};
		A5571DE32CCF94D100191210 /* Products */ = {
			isa = PBXGroup;
			children = (
				A5571DE22CCF94D100191210 /* newsAgg.app */,
			);
			name = Products;
			sourceTree = "<group>";
		};
		A5571DE42CCF94D100191210 /* newsAgg */ = {
			isa = PBXGroup;
			children = (
				A5571E202CCFA3D300191210 /* Managers */,
				A5571E1A2CCFA29900191210 /* SelectedNewsModule */,
				A5571E0E2CCFA18400191210 /* FavoritesModule */,
				A5571E0D2CCFA17400191210 /* NewsModule */,
				A5571DF92CCF96D800191210 /* TabBarModule */,
				A5571DE52CCF94D100191210 /* AppDelegate.swift */,
				A5571DE72CCF94D100191210 /* SceneDelegate.swift */,
				A5571DE92CCF94D100191210 /* Constants.swift */,
				A5571DEE2CCF94D200191210 /* Assets.xcassets */,
				A5571DF02CCF94D200191210 /* LaunchScreen.storyboard */,
				A5571DF32CCF94D200191210 /* Info.plist */,
			);
			path = newsAgg;
			sourceTree = "<group>";
		};
		A5571DF92CCF96D800191210 /* TabBarModule */ = {
			isa = PBXGroup;
			children = (
				A5571DFE2CCF971900191210 /* Configurator */,
				A5571DFC2CCF970800191210 /* Presenter */,
				A5571DFB2CCF96FE00191210 /* Interactor */,
				A5571DFA2CCF96F400191210 /* View */,
			);
			path = TabBarModule;
			sourceTree = "<group>";
		};
		A5571DFA2CCF96F400191210 /* View */ = {
			isa = PBXGroup;
			children = (
				A5571DFF2CCF97A200191210 /* TabBarViewController.swift */,
				A5571E072CCF989C00191210 /* TabBarViewInputProtocol.swift */,
			);
			path = View;
			sourceTree = "<group>";
		};
		A5571DFB2CCF96FE00191210 /* Interactor */ = {
			isa = PBXGroup;
			children = (
				A5571E012CCF97DC00191210 /* TabBarInteractor.swift */,
				A5571E092CCF98C800191210 /* TabBarInteractorInputProtocol.swift */,
			);
			path = Interactor;
			sourceTree = "<group>";
		};
		A5571DFC2CCF970800191210 /* Presenter */ = {
			isa = PBXGroup;
			children = (
				A5571E032CCF97F100191210 /* TabBarPresenter.swift */,
				A5571E0B2CCF990100191210 /* TabBarOutputProtocol.swift */,
			);
			path = Presenter;
			sourceTree = "<group>";
		};
		A5571DFE2CCF971900191210 /* Configurator */ = {
			isa = PBXGroup;
			children = (
				A5571E052CCF981D00191210 /* TabBarConfigurator.swift */,
			);
			path = Configurator;
			sourceTree = "<group>";
		};
		A5571E0D2CCFA17400191210 /* NewsModule */ = {
			isa = PBXGroup;
			children = (
				A5571E142CCFA22900191210 /* Configurator */,
				A5571E482CD00D4200191210 /* Router */,
				A5571E122CCFA20B00191210 /* Entity */,
				A5571E112CCFA20400191210 /* Presenter */,
				A5571E102CCFA1FB00191210 /* Interactor */,
				A5571E0F2CCFA1F400191210 /* View */,
			);
			path = NewsModule;
			sourceTree = "<group>";
		};
		A5571E0E2CCFA18400191210 /* FavoritesModule */ = {
			isa = PBXGroup;
			children = (
				A5571E192CCFA27400191210 /* Configurator */,
				A5571E172CCFA23F00191210 /* Presenter */,
				A5571E162CCFA23800191210 /* Interactor */,
				A5571E152CCFA23300191210 /* View */,
			);
			path = FavoritesModule;
			sourceTree = "<group>";
		};
		A5571E0F2CCFA1F400191210 /* View */ = {
			isa = PBXGroup;
			children = (
				A5571E2A2CCFA4A600191210 /* NewsViewController.swift */,
				A5571E302CCFA70700191210 /* NewsViewInputProtocol.swift */,
				A5571E442CCFDD3C00191210 /* NewsCell.swift */,
			);
			path = View;
			sourceTree = "<group>";
		};
		A5571E102CCFA1FB00191210 /* Interactor */ = {
			isa = PBXGroup;
			children = (
				A5571E282CCFA49100191210 /* NewsInteractor.swift */,
				A5571E2E2CCFA64600191210 /* NewsInteractorInputProtocol.swift */,
			);
			path = Interactor;
			sourceTree = "<group>";
		};
		A5571E112CCFA20400191210 /* Presenter */ = {
			isa = PBXGroup;
			children = (
				A5571E262CCFA48400191210 /* NewsPresenter.swift */,
				A5571E2C2CCFA5C200191210 /* NewsOutputProtocol.swift */,
			);
			path = Presenter;
			sourceTree = "<group>";
		};
		A5571E122CCFA20B00191210 /* Entity */ = {
			isa = PBXGroup;
			children = (
				A5571E402CCFCF2000191210 /* News.swift */,
			);
			path = Entity;
			sourceTree = "<group>";
		};
		A5571E142CCFA22900191210 /* Configurator */ = {
			isa = PBXGroup;
			children = (
				A5571E212CCFA45500191210 /* NewsConfigurator.swift */,
			);
			path = Configurator;
			sourceTree = "<group>";
		};
		A5571E152CCFA23300191210 /* View */ = {
			isa = PBXGroup;
			children = (
				A5571E382CCFA92100191210 /* FavoritesViewController.swift */,
				A5571E3A2CCFAA7800191210 /* FavoritesViewInputProtocol.swift */,
			);
			path = View;
			sourceTree = "<group>";
		};
		A5571E162CCFA23800191210 /* Interactor */ = {
			isa = PBXGroup;
			children = (
				A5571E362CCFA90200191210 /* FavoritesInteractor.swift */,
				A5571E3C2CCFAAA600191210 /* FavoritesInteractorInputProtocol.swift */,
			);
			path = Interactor;
			sourceTree = "<group>";
		};
		A5571E172CCFA23F00191210 /* Presenter */ = {
			isa = PBXGroup;
			children = (
				A5571E342CCFA8EC00191210 /* FavoritesPresenter.swift */,
				A5571E3E2CCFAACE00191210 /* FavoritesOutputProtocol.swift */,
			);
			path = Presenter;
			sourceTree = "<group>";
		};
		A5571E192CCFA27400191210 /* Configurator */ = {
			isa = PBXGroup;
			children = (
				A5571E322CCFA7E200191210 /* FavoritesConfigurator.swift */,
			);
			path = Configurator;
			sourceTree = "<group>";
		};
		A5571E1A2CCFA29900191210 /* SelectedNewsModule */ = {
			isa = PBXGroup;
			children = (
				A5571E1F2CCFA2DA00191210 /* Configurator */,
				A5571E1E2CCFA2CA00191210 /* Router */,
				A5571E1D2CCFA2C300191210 /* Presenter */,
				A5571E1C2CCFA2BC00191210 /* Interactor */,
				A5571E1B2CCFA2B600191210 /* View */,
			);
			path = SelectedNewsModule;
			sourceTree = "<group>";
		};
		A5571E1B2CCFA2B600191210 /* View */ = {
			isa = PBXGroup;
			children = (
			);
			path = View;
			sourceTree = "<group>";
		};
		A5571E1C2CCFA2BC00191210 /* Interactor */ = {
			isa = PBXGroup;
			children = (
			);
			path = Interactor;
			sourceTree = "<group>";
		};
		A5571E1D2CCFA2C300191210 /* Presenter */ = {
			isa = PBXGroup;
			children = (
			);
			path = Presenter;
			sourceTree = "<group>";
		};
		A5571E1E2CCFA2CA00191210 /* Router */ = {
			isa = PBXGroup;
			children = (
			);
			path = Router;
			sourceTree = "<group>";
		};
		A5571E1F2CCFA2DA00191210 /* Configurator */ = {
			isa = PBXGroup;
			children = (
			);
			path = Configurator;
			sourceTree = "<group>";
		};
		A5571E202CCFA3D300191210 /* Managers */ = {
			isa = PBXGroup;
			children = (
				A5571E422CCFD4A100191210 /* NewsApiManager.swift */,
				A5571E462CD00A6400191210 /* ImageLoader.swift */,
			);
			path = Managers;
			sourceTree = "<group>";
		};
		A5571E482CD00D4200191210 /* Router */ = {
			isa = PBXGroup;
			children = (
				A5571E4B2CD00D8200191210 /* NewsRouter.swift */,
				A5571E4D2CD00E6100191210 /* NewsRouterInputProtocol.swift */,
			);
			path = Router;
			sourceTree = "<group>";
		};
/* End PBXGroup section */

/* Begin PBXNativeTarget section */
		A5571DE12CCF94D100191210 /* newsAgg */ = {
			isa = PBXNativeTarget;
			buildConfigurationList = A5571DF62CCF94D200191210 /* Build configuration list for PBXNativeTarget "newsAgg" */;
			buildPhases = (
				A5571DDE2CCF94D100191210 /* Sources */,
				A5571DDF2CCF94D100191210 /* Frameworks */,
				A5571DE02CCF94D100191210 /* Resources */,
			);
			buildRules = (
			);
			dependencies = (
			);
			name = newsAgg;
			productName = newsAgg;
			productReference = A5571DE22CCF94D100191210 /* newsAgg.app */;
			productType = "com.apple.product-type.application";
		};
/* End PBXNativeTarget section */

/* Begin PBXProject section */
		A5571DDA2CCF94D100191210 /* Project object */ = {
			isa = PBXProject;
			attributes = {
				BuildIndependentTargetsInParallel = 1;
				LastSwiftUpdateCheck = 1430;
				LastUpgradeCheck = 1430;
				TargetAttributes = {
					A5571DE12CCF94D100191210 = {
						CreatedOnToolsVersion = 14.3;
					};
				};
			};
			buildConfigurationList = A5571DDD2CCF94D100191210 /* Build configuration list for PBXProject "newsAgg" */;
			compatibilityVersion = "Xcode 14.0";
			developmentRegion = en;
			hasScannedForEncodings = 0;
			knownRegions = (
				en,
				Base,
			);
			mainGroup = A5571DD92CCF94D100191210;
			productRefGroup = A5571DE32CCF94D100191210 /* Products */;
			projectDirPath = "";
			projectRoot = "";
			targets = (
				A5571DE12CCF94D100191210 /* newsAgg */,
			);
		};
/* End PBXProject section */

/* Begin PBXResourcesBuildPhase section */
		A5571DE02CCF94D100191210 /* Resources */ = {
			isa = PBXResourcesBuildPhase;
			buildActionMask = 2147483647;
			files = (
				A5571DF22CCF94D200191210 /* LaunchScreen.storyboard in Resources */,
				A5571DEF2CCF94D200191210 /* Assets.xcassets in Resources */,
			);
			runOnlyForDeploymentPostprocessing = 0;
		};
/* End PBXResourcesBuildPhase section */

/* Begin PBXSourcesBuildPhase section */
		A5571DDE2CCF94D100191210 /* Sources */ = {
			isa = PBXSourcesBuildPhase;
			buildActionMask = 2147483647;
			files = (
				A5571E002CCF97A200191210 /* TabBarViewController.swift in Sources */,
				A5571E452CCFDD3C00191210 /* NewsCell.swift in Sources */,
				A5571E022CCF97DC00191210 /* TabBarInteractor.swift in Sources */,
				A5571E3D2CCFAAA600191210 /* FavoritesInteractorInputProtocol.swift in Sources */,
				A5571E2F2CCFA64600191210 /* NewsInteractorInputProtocol.swift in Sources */,
				A5571E352CCFA8EC00191210 /* FavoritesPresenter.swift in Sources */,
				A5571E3B2CCFAA7800191210 /* FavoritesViewInputProtocol.swift in Sources */,
				A5571E4C2CD00D8200191210 /* NewsRouter.swift in Sources */,
				A5571E3F2CCFAACE00191210 /* FavoritesOutputProtocol.swift in Sources */,
				A5571E2B2CCFA4A600191210 /* NewsViewController.swift in Sources */,
				A5571E0C2CCF990100191210 /* TabBarOutputProtocol.swift in Sources */,
				A5571E042CCF97F100191210 /* TabBarPresenter.swift in Sources */,
				A5571E4E2CD00E6100191210 /* NewsRouterInputProtocol.swift in Sources */,
				A5571DEA2CCF94D100191210 /* Constants.swift in Sources */,
				A5571E082CCF989C00191210 /* TabBarViewInputProtocol.swift in Sources */,
				A5571E2D2CCFA5C200191210 /* NewsOutputProtocol.swift in Sources */,
				A5571E472CD00A6400191210 /* ImageLoader.swift in Sources */,
				A5571E372CCFA90200191210 /* FavoritesInteractor.swift in Sources */,
				A5571E0A2CCF98C800191210 /* TabBarInteractorInputProtocol.swift in Sources */,
				A5571E312CCFA70700191210 /* NewsViewInputProtocol.swift in Sources */,
				A5571E432CCFD4A100191210 /* NewsApiManager.swift in Sources */,
				A5571E062CCF981D00191210 /* TabBarConfigurator.swift in Sources */,
				A5571E332CCFA7E200191210 /* FavoritesConfigurator.swift in Sources */,
				A5571E412CCFCF2000191210 /* News.swift in Sources */,
				A5571E292CCFA49100191210 /* NewsInteractor.swift in Sources */,
				A5571E392CCFA92100191210 /* FavoritesViewController.swift in Sources */,
				A5571DE62CCF94D100191210 /* AppDelegate.swift in Sources */,
				A5571DE82CCF94D100191210 /* SceneDelegate.swift in Sources */,
				A5571E272CCFA48400191210 /* NewsPresenter.swift in Sources */,
				A5571E222CCFA45500191210 /* NewsConfigurator.swift in Sources */,
			);
			runOnlyForDeploymentPostprocessing = 0;
		};
/* End PBXSourcesBuildPhase section */

/* Begin PBXVariantGroup section */
		A5571DF02CCF94D200191210 /* LaunchScreen.storyboard */ = {
			isa = PBXVariantGroup;
			children = (
				A5571DF12CCF94D200191210 /* Base */,
			);
			name = LaunchScreen.storyboard;
			sourceTree = "<group>";
		};
/* End PBXVariantGroup section */

/* Begin XCBuildConfiguration section */
		A5571DF42CCF94D200191210 /* Debug */ = {
			isa = XCBuildConfiguration;
			buildSettings = {
				ALWAYS_SEARCH_USER_PATHS = NO;
				CLANG_ANALYZER_NONNULL = YES;
				CLANG_ANALYZER_NUMBER_OBJECT_CONVERSION = YES_AGGRESSIVE;
				CLANG_CXX_LANGUAGE_STANDARD = "gnu++20";
				CLANG_ENABLE_MODULES = YES;
				CLANG_ENABLE_OBJC_ARC = YES;
				CLANG_ENABLE_OBJC_WEAK = YES;
				CLANG_WARN_BLOCK_CAPTURE_AUTORELEASING = YES;
				CLANG_WARN_BOOL_CONVERSION = YES;
				CLANG_WARN_COMMA = YES;
				CLANG_WARN_CONSTANT_CONVERSION = YES;
				CLANG_WARN_DEPRECATED_OBJC_IMPLEMENTATIONS = YES;
				CLANG_WARN_DIRECT_OBJC_ISA_USAGE = YES_ERROR;
				CLANG_WARN_DOCUMENTATION_COMMENTS = YES;
				CLANG_WARN_EMPTY_BODY = YES;
				CLANG_WARN_ENUM_CONVERSION = YES;
				CLANG_WARN_INFINITE_RECURSION = YES;
				CLANG_WARN_INT_CONVERSION = YES;
				CLANG_WARN_NON_LITERAL_NULL_CONVERSION = YES;
				CLANG_WARN_OBJC_IMPLICIT_RETAIN_SELF = YES;
				CLANG_WARN_OBJC_LITERAL_CONVERSION = YES;
				CLANG_WARN_OBJC_ROOT_CLASS = YES_ERROR;
				CLANG_WARN_QUOTED_INCLUDE_IN_FRAMEWORK_HEADER = YES;
				CLANG_WARN_RANGE_LOOP_ANALYSIS = YES;
				CLANG_WARN_STRICT_PROTOTYPES = YES;
				CLANG_WARN_SUSPICIOUS_MOVE = YES;
				CLANG_WARN_UNGUARDED_AVAILABILITY = YES_AGGRESSIVE;
				CLANG_WARN_UNREACHABLE_CODE = YES;
				CLANG_WARN__DUPLICATE_METHOD_MATCH = YES;
				COPY_PHASE_STRIP = NO;
				DEBUG_INFORMATION_FORMAT = dwarf;
				ENABLE_STRICT_OBJC_MSGSEND = YES;
				ENABLE_TESTABILITY = YES;
				GCC_C_LANGUAGE_STANDARD = gnu11;
				GCC_DYNAMIC_NO_PIC = NO;
				GCC_NO_COMMON_BLOCKS = YES;
				GCC_OPTIMIZATION_LEVEL = 0;
				GCC_PREPROCESSOR_DEFINITIONS = (
					"DEBUG=1",
					"$(inherited)",
				);
				GCC_WARN_64_TO_32_BIT_CONVERSION = YES;
				GCC_WARN_ABOUT_RETURN_TYPE = YES_ERROR;
				GCC_WARN_UNDECLARED_SELECTOR = YES;
				GCC_WARN_UNINITIALIZED_AUTOS = YES_AGGRESSIVE;
				GCC_WARN_UNUSED_FUNCTION = YES;
				GCC_WARN_UNUSED_VARIABLE = YES;
				IPHONEOS_DEPLOYMENT_TARGET = 16.4;
				MTL_ENABLE_DEBUG_INFO = INCLUDE_SOURCE;
				MTL_FAST_MATH = YES;
				ONLY_ACTIVE_ARCH = YES;
				SDKROOT = iphoneos;
				SWIFT_ACTIVE_COMPILATION_CONDITIONS = DEBUG;
				SWIFT_OPTIMIZATION_LEVEL = "-Onone";
			};
			name = Debug;
		};
		A5571DF52CCF94D200191210 /* Release */ = {
			isa = XCBuildConfiguration;
			buildSettings = {
				ALWAYS_SEARCH_USER_PATHS = NO;
				CLANG_ANALYZER_NONNULL = YES;
				CLANG_ANALYZER_NUMBER_OBJECT_CONVERSION = YES_AGGRESSIVE;
				CLANG_CXX_LANGUAGE_STANDARD = "gnu++20";
				CLANG_ENABLE_MODULES = YES;
				CLANG_ENABLE_OBJC_ARC = YES;
				CLANG_ENABLE_OBJC_WEAK = YES;
				CLANG_WARN_BLOCK_CAPTURE_AUTORELEASING = YES;
				CLANG_WARN_BOOL_CONVERSION = YES;
				CLANG_WARN_COMMA = YES;
				CLANG_WARN_CONSTANT_CONVERSION = YES;
				CLANG_WARN_DEPRECATED_OBJC_IMPLEMENTATIONS = YES;
				CLANG_WARN_DIRECT_OBJC_ISA_USAGE = YES_ERROR;
				CLANG_WARN_DOCUMENTATION_COMMENTS = YES;
				CLANG_WARN_EMPTY_BODY = YES;
				CLANG_WARN_ENUM_CONVERSION = YES;
				CLANG_WARN_INFINITE_RECURSION = YES;
				CLANG_WARN_INT_CONVERSION = YES;
				CLANG_WARN_NON_LITERAL_NULL_CONVERSION = YES;
				CLANG_WARN_OBJC_IMPLICIT_RETAIN_SELF = YES;
				CLANG_WARN_OBJC_LITERAL_CONVERSION = YES;
				CLANG_WARN_OBJC_ROOT_CLASS = YES_ERROR;
				CLANG_WARN_QUOTED_INCLUDE_IN_FRAMEWORK_HEADER = YES;
				CLANG_WARN_RANGE_LOOP_ANALYSIS = YES;
				CLANG_WARN_STRICT_PROTOTYPES = YES;
				CLANG_WARN_SUSPICIOUS_MOVE = YES;
				CLANG_WARN_UNGUARDED_AVAILABILITY = YES_AGGRESSIVE;
				CLANG_WARN_UNREACHABLE_CODE = YES;
				CLANG_WARN__DUPLICATE_METHOD_MATCH = YES;
				COPY_PHASE_STRIP = NO;
				DEBUG_INFORMATION_FORMAT = "dwarf-with-dsym";
				ENABLE_NS_ASSERTIONS = NO;
				ENABLE_STRICT_OBJC_MSGSEND = YES;
				GCC_C_LANGUAGE_STANDARD = gnu11;
				GCC_NO_COMMON_BLOCKS = YES;
				GCC_WARN_64_TO_32_BIT_CONVERSION = YES;
				GCC_WARN_ABOUT_RETURN_TYPE = YES_ERROR;
				GCC_WARN_UNDECLARED_SELECTOR = YES;
				GCC_WARN_UNINITIALIZED_AUTOS = YES_AGGRESSIVE;
				GCC_WARN_UNUSED_FUNCTION = YES;
				GCC_WARN_UNUSED_VARIABLE = YES;
				IPHONEOS_DEPLOYMENT_TARGET = 16.4;
				MTL_ENABLE_DEBUG_INFO = NO;
				MTL_FAST_MATH = YES;
				SDKROOT = iphoneos;
				SWIFT_COMPILATION_MODE = wholemodule;
				SWIFT_OPTIMIZATION_LEVEL = "-O";
				VALIDATE_PRODUCT = YES;
			};
			name = Release;
		};
		A5571DF72CCF94D200191210 /* Debug */ = {
			isa = XCBuildConfiguration;
			buildSettings = {
				ASSETCATALOG_COMPILER_APPICON_NAME = AppIcon;
				ASSETCATALOG_COMPILER_GLOBAL_ACCENT_COLOR_NAME = AccentColor;
				CODE_SIGN_STYLE = Automatic;
				CURRENT_PROJECT_VERSION = 1;
				DEVELOPMENT_TEAM = BMA5QWL5H6;
				GENERATE_INFOPLIST_FILE = YES;
				INFOPLIST_FILE = newsAgg/Info.plist;
				INFOPLIST_KEY_UIApplicationSupportsIndirectInputEvents = YES;
				INFOPLIST_KEY_UILaunchStoryboardName = LaunchScreen;
				INFOPLIST_KEY_UISupportedInterfaceOrientations_iPad = "UIInterfaceOrientationPortrait UIInterfaceOrientationPortraitUpsideDown UIInterfaceOrientationLandscapeLeft UIInterfaceOrientationLandscapeRight";
				INFOPLIST_KEY_UISupportedInterfaceOrientations_iPhone = "UIInterfaceOrientationPortrait UIInterfaceOrientationLandscapeLeft UIInterfaceOrientationLandscapeRight";
				LD_RUNPATH_SEARCH_PATHS = (
					"$(inherited)",
					"@executable_path/Frameworks",
				);
				MARKETING_VERSION = 1.0;
				PRODUCT_BUNDLE_IDENTIFIER = kkg.newsAgg;
				PRODUCT_NAME = "$(TARGET_NAME)";
				SWIFT_EMIT_LOC_STRINGS = YES;
				SWIFT_VERSION = 5.0;
				TARGETED_DEVICE_FAMILY = "1,2";
			};
			name = Debug;
		};
		A5571DF82CCF94D200191210 /* Release */ = {
			isa = XCBuildConfiguration;
			buildSettings = {
				ASSETCATALOG_COMPILER_APPICON_NAME = AppIcon;
				ASSETCATALOG_COMPILER_GLOBAL_ACCENT_COLOR_NAME = AccentColor;
				CODE_SIGN_STYLE = Automatic;
				CURRENT_PROJECT_VERSION = 1;
				DEVELOPMENT_TEAM = BMA5QWL5H6;
				GENERATE_INFOPLIST_FILE = YES;
				INFOPLIST_FILE = newsAgg/Info.plist;
				INFOPLIST_KEY_UIApplicationSupportsIndirectInputEvents = YES;
				INFOPLIST_KEY_UILaunchStoryboardName = LaunchScreen;
				INFOPLIST_KEY_UISupportedInterfaceOrientations_iPad = "UIInterfaceOrientationPortrait UIInterfaceOrientationPortraitUpsideDown UIInterfaceOrientationLandscapeLeft UIInterfaceOrientationLandscapeRight";
				INFOPLIST_KEY_UISupportedInterfaceOrientations_iPhone = "UIInterfaceOrientationPortrait UIInterfaceOrientationLandscapeLeft UIInterfaceOrientationLandscapeRight";
				LD_RUNPATH_SEARCH_PATHS = (
					"$(inherited)",
					"@executable_path/Frameworks",
				);
				MARKETING_VERSION = 1.0;
				PRODUCT_BUNDLE_IDENTIFIER = kkg.newsAgg;
				PRODUCT_NAME = "$(TARGET_NAME)";
				SWIFT_EMIT_LOC_STRINGS = YES;
				SWIFT_VERSION = 5.0;
				TARGETED_DEVICE_FAMILY = "1,2";
			};
			name = Release;
		};
/* End XCBuildConfiguration section */

/* Begin XCConfigurationList section */
		A5571DDD2CCF94D100191210 /* Build configuration list for PBXProject "newsAgg" */ = {
			isa = XCConfigurationList;
			buildConfigurations = (
				A5571DF42CCF94D200191210 /* Debug */,
				A5571DF52CCF94D200191210 /* Release */,
			);
			defaultConfigurationIsVisible = 0;
			defaultConfigurationName = Release;
		};
		A5571DF62CCF94D200191210 /* Build configuration list for PBXNativeTarget "newsAgg" */ = {
			isa = XCConfigurationList;
			buildConfigurations = (
				A5571DF72CCF94D200191210 /* Debug */,
				A5571DF82CCF94D200191210 /* Release */,
			);
			defaultConfigurationIsVisible = 0;
			defaultConfigurationName = Release;
		};
/* End XCConfigurationList section */
	};
	rootObject = A5571DDA2CCF94D100191210 /* Project object */;
}
